// !$*UTF8*$!
{
	archiveVersion = 1;
	classes = {
	};
	objectVersion = 48;
	objects = {

/* Begin PBXBuildFile section */
		647E594E20692B960071D296 /* MapViewController.swift in Sources */ = {isa = PBXBuildFile; fileRef = 647E594D20692B960071D296 /* MapViewController.swift */; };
		647E595020699E8F0071D296 /* PermissionsViewController.swift in Sources */ = {isa = PBXBuildFile; fileRef = 647E594F20699E8F0071D296 /* PermissionsViewController.swift */; };
		6484AA4920683E7B00D92F29 /* AppDelegate.swift in Sources */ = {isa = PBXBuildFile; fileRef = 6484AA4820683E7B00D92F29 /* AppDelegate.swift */; };
		6484AA4E20683E7B00D92F29 /* Main.storyboard in Resources */ = {isa = PBXBuildFile; fileRef = 6484AA4C20683E7B00D92F29 /* Main.storyboard */; };
		6484AA5020683E7B00D92F29 /* Assets.xcassets in Resources */ = {isa = PBXBuildFile; fileRef = 6484AA4F20683E7B00D92F29 /* Assets.xcassets */; };
		6484AA5320683E7B00D92F29 /* LaunchScreen.storyboard in Resources */ = {isa = PBXBuildFile; fileRef = 6484AA5120683E7B00D92F29 /* LaunchScreen.storyboard */; };
		6484AA5B206867A900D92F29 /* DetailsViewController.swift in Sources */ = {isa = PBXBuildFile; fileRef = 6484AA5A206867A900D92F29 /* DetailsViewController.swift */; };
		6484AA6120686BF600D92F29 /* MyCellCollectionViewCell.swift in Sources */ = {isa = PBXBuildFile; fileRef = 6484AA6020686BF600D92F29 /* MyCellCollectionViewCell.swift */; };
		6484AA6320686E5000D92F29 /* GalleryViewController.swift in Sources */ = {isa = PBXBuildFile; fileRef = 6484AA6220686E5000D92F29 /* GalleryViewController.swift */; };
		6484AA662068717200D92F29 /* Photos.framework in Frameworks */ = {isa = PBXBuildFile; fileRef = 6484AA652068717200D92F29 /* Photos.framework */; };
		7735341320BEDF390000B2D9 /* Merge.swift in Sources */ = {isa = PBXBuildFile; fileRef = 7735341220BEDF390000B2D9 /* Merge.swift */; };
		774FC4C220B847C1002A98E5 /* VideoDetailViewController.swift in Sources */ = {isa = PBXBuildFile; fileRef = 774FC4C120B847C1002A98E5 /* VideoDetailViewController.swift */; };
/* End PBXBuildFile section */

/* Begin PBXFileReference section */
		647E594D20692B960071D296 /* MapViewController.swift */ = {isa = PBXFileReference; lastKnownFileType = sourcecode.swift; path = MapViewController.swift; sourceTree = "<group>"; };
		647E594F20699E8F0071D296 /* PermissionsViewController.swift */ = {isa = PBXFileReference; lastKnownFileType = sourcecode.swift; path = PermissionsViewController.swift; sourceTree = "<group>"; };
		6484AA4520683E7B00D92F29 /* PhotoGallery.app */ = {isa = PBXFileReference; explicitFileType = wrapper.application; includeInIndex = 0; path = PhotoGallery.app; sourceTree = BUILT_PRODUCTS_DIR; };
		6484AA4820683E7B00D92F29 /* AppDelegate.swift */ = {isa = PBXFileReference; lastKnownFileType = sourcecode.swift; path = AppDelegate.swift; sourceTree = "<group>"; };
		6484AA4D20683E7B00D92F29 /* Base */ = {isa = PBXFileReference; lastKnownFileType = file.storyboard; name = Base; path = Base.lproj/Main.storyboard; sourceTree = "<group>"; };
		6484AA4F20683E7B00D92F29 /* Assets.xcassets */ = {isa = PBXFileReference; lastKnownFileType = folder.assetcatalog; path = Assets.xcassets; sourceTree = "<group>"; };
		6484AA5220683E7B00D92F29 /* Base */ = {isa = PBXFileReference; lastKnownFileType = file.storyboard; name = Base; path = Base.lproj/LaunchScreen.storyboard; sourceTree = "<group>"; };
		6484AA5420683E7B00D92F29 /* Info.plist */ = {isa = PBXFileReference; lastKnownFileType = text.plist.xml; path = Info.plist; sourceTree = "<group>"; };
		6484AA5A206867A900D92F29 /* DetailsViewController.swift */ = {isa = PBXFileReference; lastKnownFileType = sourcecode.swift; path = DetailsViewController.swift; sourceTree = "<group>"; };
		6484AA6020686BF600D92F29 /* MyCellCollectionViewCell.swift */ = {isa = PBXFileReference; lastKnownFileType = sourcecode.swift; path = MyCellCollectionViewCell.swift; sourceTree = "<group>"; };
		6484AA6220686E5000D92F29 /* GalleryViewController.swift */ = {isa = PBXFileReference; lastKnownFileType = sourcecode.swift; path = GalleryViewController.swift; sourceTree = "<group>"; };
		6484AA652068717200D92F29 /* Photos.framework */ = {isa = PBXFileReference; lastKnownFileType = wrapper.framework; name = Photos.framework; path = System/Library/Frameworks/Photos.framework; sourceTree = SDKROOT; };
		7735341220BEDF390000B2D9 /* Merge.swift */ = {isa = PBXFileReference; fileEncoding = 4; lastKnownFileType = sourcecode.swift; path = Merge.swift; sourceTree = "<group>"; };
		774FC4C120B847C1002A98E5 /* VideoDetailViewController.swift */ = {isa = PBXFileReference; lastKnownFileType = sourcecode.swift; path = VideoDetailViewController.swift; sourceTree = "<group>"; };
/* End PBXFileReference section */

/* Begin PBXFrameworksBuildPhase section */
		6484AA4220683E7B00D92F29 /* Frameworks */ = {
			isa = PBXFrameworksBuildPhase;
			buildActionMask = 2147483647;
			files = (
				6484AA662068717200D92F29 /* Photos.framework in Frameworks */,
			);
			runOnlyForDeploymentPostprocessing = 0;
		};
/* End PBXFrameworksBuildPhase section */

/* Begin PBXGroup section */
		6484AA3C20683E7B00D92F29 = {
			isa = PBXGroup;
			children = (
				6484AA4720683E7B00D92F29 /* PhotoGallery */,
				6484AA4620683E7B00D92F29 /* Products */,
				6484AA642068717200D92F29 /* Frameworks */,
			);
			sourceTree = "<group>";
		};
		6484AA4620683E7B00D92F29 /* Products */ = {
			isa = PBXGroup;
			children = (
				6484AA4520683E7B00D92F29 /* PhotoGallery.app */,
			);
			name = Products;
			sourceTree = "<group>";
		};
		6484AA4720683E7B00D92F29 /* PhotoGallery */ = {
			isa = PBXGroup;
			children = (
				6484AA4820683E7B00D92F29 /* AppDelegate.swift */,
				6484AA4C20683E7B00D92F29 /* Main.storyboard */,
				6484AA5120683E7B00D92F29 /* LaunchScreen.storyboard */,
				647E594F20699E8F0071D296 /* PermissionsViewController.swift */,
				6484AA6220686E5000D92F29 /* GalleryViewController.swift */,
				6484AA6020686BF600D92F29 /* MyCellCollectionViewCell.swift */,
				6484AA5A206867A900D92F29 /* DetailsViewController.swift */,
				774FC4C120B847C1002A98E5 /* VideoDetailViewController.swift */,
				7735341220BEDF390000B2D9 /* Merge.swift */,
				647E594D20692B960071D296 /* MapViewController.swift */,
				6484AA5420683E7B00D92F29 /* Info.plist */,
				6484AA4F20683E7B00D92F29 /* Assets.xcassets */,
			);
			path = PhotoGallery;
			sourceTree = "<group>";
		};
		6484AA642068717200D92F29 /* Frameworks */ = {
			isa = PBXGroup;
			children = (
				6484AA652068717200D92F29 /* Photos.framework */,
			);
			name = Frameworks;
			sourceTree = "<group>";
		};
/* End PBXGroup section */

/* Begin PBXNativeTarget section */
		6484AA4420683E7B00D92F29 /* PhotoGallery */ = {
			isa = PBXNativeTarget;
			buildConfigurationList = 6484AA5720683E7B00D92F29 /* Build configuration list for PBXNativeTarget "PhotoGallery" */;
			buildPhases = (
				6484AA4120683E7B00D92F29 /* Sources */,
				6484AA4220683E7B00D92F29 /* Frameworks */,
				6484AA4320683E7B00D92F29 /* Resources */,
			);
			buildRules = (
			);
			dependencies = (
			);
			name = PhotoGallery;
			productName = PhotoGallery;
			productReference = 6484AA4520683E7B00D92F29 /* PhotoGallery.app */;
			productType = "com.apple.product-type.application";
		};
/* End PBXNativeTarget section */

/* Begin PBXProject section */
		6484AA3D20683E7B00D92F29 /* Project object */ = {
			isa = PBXProject;
			attributes = {
				LastSwiftUpdateCheck = 0920;
				LastUpgradeCheck = 0930;
				ORGANIZATIONNAME = "Olya Tilichenko";
				TargetAttributes = {
					6484AA4420683E7B00D92F29 = {
						CreatedOnToolsVersion = 9.2;
						ProvisioningStyle = Automatic;
					};
				};
			};
			buildConfigurationList = 6484AA4020683E7B00D92F29 /* Build configuration list for PBXProject "PhotoGallery" */;
			compatibilityVersion = "Xcode 8.0";
			developmentRegion = en;
			hasScannedForEncodings = 0;
			knownRegions = (
				en,
				Base,
			);
			mainGroup = 6484AA3C20683E7B00D92F29;
			productRefGroup = 6484AA4620683E7B00D92F29 /* Products */;
			projectDirPath = "";
			projectRoot = "";
			targets = (
				6484AA4420683E7B00D92F29 /* PhotoGallery */,
			);
		};
/* End PBXProject section */

/* Begin PBXResourcesBuildPhase section */
		6484AA4320683E7B00D92F29 /* Resources */ = {
			isa = PBXResourcesBuildPhase;
			buildActionMask = 2147483647;
			files = (
				6484AA5320683E7B00D92F29 /* LaunchScreen.storyboard in Resources */,
				6484AA5020683E7B00D92F29 /* Assets.xcassets in Resources */,
				6484AA4E20683E7B00D92F29 /* Main.storyboard in Resources */,
			);
			runOnlyForDeploymentPostprocessing = 0;
		};
/* End PBXResourcesBuildPhase section */

/* Begin PBXSourcesBuildPhase section */
		6484AA4120683E7B00D92F29 /* Sources */ = {
			isa = PBXSourcesBuildPhase;
			buildActionMask = 2147483647;
			files = (
				6484AA6320686E5000D92F29 /* GalleryViewController.swift in Sources */,
				774FC4C220B847C1002A98E5 /* VideoDetailViewController.swift in Sources */,
				6484AA6120686BF600D92F29 /* MyCellCollectionViewCell.swift in Sources */,
				6484AA4920683E7B00D92F29 /* AppDelegate.swift in Sources */,
				647E594E20692B960071D296 /* MapViewController.swift in Sources */,
				6484AA5B206867A900D92F29 /* DetailsViewController.swift in Sources */,
				7735341320BEDF390000B2D9 /* Merge.swift in Sources */,
				647E595020699E8F0071D296 /* PermissionsViewController.swift in Sources */,
			);
			runOnlyForDeploymentPostprocessing = 0;
		};
/* End PBXSourcesBuildPhase section */

/* Begin PBXVariantGroup section */
		6484AA4C20683E7B00D92F29 /* Main.storyboard */ = {
			isa = PBXVariantGroup;
			children = (
				6484AA4D20683E7B00D92F29 /* Base */,
			);
			name = Main.storyboard;
			sourceTree = "<group>";
		};
		6484AA5120683E7B00D92F29 /* LaunchScreen.storyboard */ = {
			isa = PBXVariantGroup;
			children = (
				6484AA5220683E7B00D92F29 /* Base */,
			);
			name = LaunchScreen.storyboard;
			sourceTree = "<group>";
		};
/* End PBXVariantGroup section */

/* Begin XCBuildConfiguration section */
		6484AA5520683E7B00D92F29 /* Debug */ = {
			isa = XCBuildConfiguration;
			buildSettings = {
				ALWAYS_SEARCH_USER_PATHS = NO;
				CLANG_ANALYZER_NONNULL = YES;
				CLANG_ANALYZER_NUMBER_OBJECT_CONVERSION = YES_AGGRESSIVE;
				CLANG_CXX_LANGUAGE_STANDARD = "gnu++14";
				CLANG_CXX_LIBRARY = "libc++";
				CLANG_ENABLE_MODULES = YES;
				CLANG_ENABLE_OBJC_ARC = YES;
				CLANG_WARN_BLOCK_CAPTURE_AUTORELEASING = YES;
				CLANG_WARN_BOOL_CONVERSION = YES;
				CLANG_WARN_COMMA = YES;
				CLANG_WARN_CONSTANT_CONVERSION = YES;
				CLANG_WARN_DEPRECATED_OBJC_IMPLEMENTATIONS = YES;
				CLANG_WARN_DIRECT_OBJC_ISA_USAGE = YES_ERROR;
				CLANG_WARN_DOCUMENTATION_COMMENTS = YES;
				CLANG_WARN_EMPTY_BODY = YES;
				CLANG_WARN_ENUM_CONVERSION = YES;
				CLANG_WARN_INFINITE_RECURSION = YES;
				CLANG_WARN_INT_CONVERSION = YES;
				CLANG_WARN_NON_LITERAL_NULL_CONVERSION = YES;
				CLANG_WARN_OBJC_IMPLICIT_RETAIN_SELF = YES;
				CLANG_WARN_OBJC_LITERAL_CONVERSION = YES;
				CLANG_WARN_OBJC_ROOT_CLASS = YES_ERROR;
				CLANG_WARN_RANGE_LOOP_ANALYSIS = YES;
				CLANG_WARN_STRICT_PROTOTYPES = YES;
				CLANG_WARN_SUSPICIOUS_MOVE = YES;
				CLANG_WARN_UNGUARDED_AVAILABILITY = YES_AGGRESSIVE;
				CLANG_WARN_UNREACHABLE_CODE = YES;
				CLANG_WARN__DUPLICATE_METHOD_MATCH = YES;
				CODE_SIGN_IDENTITY = "iPhone Developer";
				COPY_PHASE_STRIP = NO;
				DEBUG_INFORMATION_FORMAT = dwarf;
				ENABLE_STRICT_OBJC_MSGSEND = YES;
				ENABLE_TESTABILITY = YES;
				GCC_C_LANGUAGE_STANDARD = gnu11;
				GCC_DYNAMIC_NO_PIC = NO;
				GCC_NO_COMMON_BLOCKS = YES;
				GCC_OPTIMIZATION_LEVEL = 0;
				GCC_PREPROCESSOR_DEFINITIONS = (
					"DEBUG=1",
					"$(inherited)",
				);
				GCC_WARN_64_TO_32_BIT_CONVERSION = YES;
				GCC_WARN_ABOUT_RETURN_TYPE = YES_ERROR;
				GCC_WARN_UNDECLARED_SELECTOR = YES;
				GCC_WARN_UNINITIALIZED_AUTOS = YES_AGGRESSIVE;
				GCC_WARN_UNUSED_FUNCTION = YES;
				GCC_WARN_UNUSED_VARIABLE = YES;
				IPHONEOS_DEPLOYMENT_TARGET = 11.2;
				MTL_ENABLE_DEBUG_INFO = YES;
				ONLY_ACTIVE_ARCH = YES;
				SDKROOT = iphoneos;
				SWIFT_ACTIVE_COMPILATION_CONDITIONS = DEBUG;
				SWIFT_OPTIMIZATION_LEVEL = "-Onone";
			};
			name = Debug;
		};
		6484AA5620683E7B00D92F29 /* Release */ = {
			isa = XCBuildConfiguration;
			buildSettings = {
				ALWAYS_SEARCH_USER_PATHS = NO;
				CLANG_ANALYZER_NONNULL = YES;
				CLANG_ANALYZER_NUMBER_OBJECT_CONVERSION = YES_AGGRESSIVE;
				CLANG_CXX_LANGUAGE_STANDARD = "gnu++14";
				CLANG_CXX_LIBRARY = "libc++";
				CLANG_ENABLE_MODULES = YES;
				CLANG_ENABLE_OBJC_ARC = YES;
				CLANG_WARN_BLOCK_CAPTURE_AUTORELEASING = YES;
				CLANG_WARN_BOOL_CONVERSION = YES;
				CLANG_WARN_COMMA = YES;
				CLANG_WARN_CONSTANT_CONVERSION = YES;
				CLANG_WARN_DEPRECATED_OBJC_IMPLEMENTATIONS = YES;
				CLANG_WARN_DIRECT_OBJC_ISA_USAGE = YES_ERROR;
				CLANG_WARN_DOCUMENTATION_COMMENTS = YES;
				CLANG_WARN_EMPTY_BODY = YES;
				CLANG_WARN_ENUM_CONVERSION = YES;
				CLANG_WARN_INFINITE_RECURSION = YES;
				CLANG_WARN_INT_CONVERSION = YES;
				CLANG_WARN_NON_LITERAL_NULL_CONVERSION = YES;
				CLANG_WARN_OBJC_IMPLICIT_RETAIN_SELF = YES;
				CLANG_WARN_OBJC_LITERAL_CONVERSION = YES;
				CLANG_WARN_OBJC_ROOT_CLASS = YES_ERROR;
				CLANG_WARN_RANGE_LOOP_ANALYSIS = YES;
				CLANG_WARN_STRICT_PROTOTYPES = YES;
				CLANG_WARN_SUSPICIOUS_MOVE = YES;
				CLANG_WARN_UNGUARDED_AVAILABILITY = YES_AGGRESSIVE;
				CLANG_WARN_UNREACHABLE_CODE = YES;
				CLANG_WARN__DUPLICATE_METHOD_MATCH = YES;
				CODE_SIGN_IDENTITY = "iPhone Developer";
				COPY_PHASE_STRIP = NO;
				DEBUG_INFORMATION_FORMAT = "dwarf-with-dsym";
				ENABLE_NS_ASSERTIONS = NO;
				ENABLE_STRICT_OBJC_MSGSEND = YES;
				GCC_C_LANGUAGE_STANDARD = gnu11;
				GCC_NO_COMMON_BLOCKS = YES;
				GCC_WARN_64_TO_32_BIT_CONVERSION = YES;
				GCC_WARN_ABOUT_RETURN_TYPE = YES_ERROR;
				GCC_WARN_UNDECLARED_SELECTOR = YES;
				GCC_WARN_UNINITIALIZED_AUTOS = YES_AGGRESSIVE;
				GCC_WARN_UNUSED_FUNCTION = YES;
				GCC_WARN_UNUSED_VARIABLE = YES;
				IPHONEOS_DEPLOYMENT_TARGET = 11.2;
				MTL_ENABLE_DEBUG_INFO = NO;
				SDKROOT = iphoneos;
				SWIFT_OPTIMIZATION_LEVEL = "-Owholemodule";
				VALIDATE_PRODUCT = YES;
			};
			name = Release;
		};
		6484AA5820683E7B00D92F29 /* Debug */ = {
			isa = XCBuildConfiguration;
			buildSettings = {
				ASSETCATALOG_COMPILER_APPICON_NAME = AppIcon;
				CODE_SIGN_STYLE = Automatic;
				DEVELOPMENT_TEAM = 425X5RTN65;
				INFOPLIST_FILE = PhotoGallery/Info.plist;
				LD_RUNPATH_SEARCH_PATHS = "$(inherited) @executable_path/Frameworks";
				PRODUCT_BUNDLE_IDENTIFIER = com.itrex.olga;
				PRODUCT_NAME = "$(TARGET_NAME)";
				SWIFT_VERSION = 4.0;
				TARGETED_DEVICE_FAMILY = "1,2";
			};
			name = Debug;
		};
		6484AA5920683E7B00D92F29 /* Release */ = {
			isa = XCBuildConfiguration;
			buildSettings = {
				ASSETCATALOG_COMPILER_APPICON_NAME = AppIcon;
				CODE_SIGN_STYLE = Automatic;
				DEVELOPMENT_TEAM = 425X5RTN65;
				INFOPLIST_FILE = PhotoGallery/Info.plist;
				LD_RUNPATH_SEARCH_PATHS = "$(inherited) @executable_path/Frameworks";
				PRODUCT_BUNDLE_IDENTIFIER = com.itrex.olga;
				PRODUCT_NAME = "$(TARGET_NAME)";
				SWIFT_VERSION = 4.0;
				TARGETED_DEVICE_FAMILY = "1,2";
			};
			name = Release;
		};
/* End XCBuildConfiguration section */

/* Begin XCConfigurationList section */
		6484AA4020683E7B00D92F29 /* Build configuration list for PBXProject "PhotoGallery" */ = {
			isa = XCConfigurationList;
			buildConfigurations = (
				6484AA5520683E7B00D92F29 /* Debug */,
				6484AA5620683E7B00D92F29 /* Release */,
			);
			defaultConfigurationIsVisible = 0;
			defaultConfigurationName = Release;
		};
		6484AA5720683E7B00D92F29 /* Build configuration list for PBXNativeTarget "PhotoGallery" */ = {
			isa = XCConfigurationList;
			buildConfigurations = (
				6484AA5820683E7B00D92F29 /* Debug */,
				6484AA5920683E7B00D92F29 /* Release */,
			);
			defaultConfigurationIsVisible = 0;
			defaultConfigurationName = Release;
		};
/* End XCConfigurationList section */
	};
	rootObject = 6484AA3D20683E7B00D92F29 /* Project object */;
}
